
Microsoft Visual Studio Solution File, Format Version 12.00
# Visual Studio 15
Project("{FAE04EC0-301F-11D3-BF4B-00C04F79EFBC}") = "Oculus.Platform", "Oculus.Platform.csproj", "{A379CF33-980F-4AD6-958B-7A70C1742D47}"
EndProject
Project("{FAE04EC0-301F-11D3-BF4B-00C04F79EFBC}") = "Assembly-CSharp", "Assembly-CSharp.csproj", "{6E9C6C41-FD66-83A7-7FAD-96C56ED37C0D}"
EndProject
Project("{FAE04EC0-301F-11D3-BF4B-00C04F79EFBC}") = "Oculus.Spatializer", "Oculus.Spatializer.csproj", "{9EF3C5DB-C4A6-1445-5A52-BE76BA6F7D34}"
EndProject
Project("{FAE04EC0-301F-11D3-BF4B-00C04F79EFBC}") = "Meta.WitAi", "Meta.WitAi.csproj", "{65BB721D-8D84-4001-46E9-A63E2A6C364C}"
EndProject
Project("{FAE04EC0-301F-11D3-BF4B-00C04F79EFBC}") = "Oculus.Interaction", "Oculus.Interaction.csproj", "{BD36BEBC-3452-14A5-F290-FEE955BEFF37}"
EndProject
Project("{FAE04EC0-301F-11D3-BF4B-00C04F79EFBC}") = "Meta.WitAi.Lib", "Meta.WitAi.Lib.csproj", "{A21721EA-42FB-71BF-9130-02B100367E6C}"
EndProject
Project("{FAE04EC0-301F-11D3-BF4B-00C04F79EFBC}") = "Oculus.VR", "Oculus.VR.csproj", "{A89D079E-96A0-9872-322D-B9F814AC0380}"
EndProject
Project("{FAE04EC0-301F-11D3-BF4B-00C04F79EFBC}") = "Oculus.Interaction.OVR.Samples", "Oculus.Interaction.OVR.Samples.csproj", "{0BCB2B57-6087-CEE7-6F8F-32ACA8DDCBC6}"
EndProject
Project("{FAE04EC0-301F-11D3-BF4B-00C04F79EFBC}") = "Meta.Voice.Samples.LiveUnderstanding", "Meta.Voice.Samples.LiveUnderstanding.csproj", "{B56CBB42-82B4-4072-D3BE-602A868ECEA2}"
EndProject
Project("{FAE04EC0-301F-11D3-BF4B-00C04F79EFBC}") = "VoiceSDK.Dictation.Runtime", "VoiceSDK.Dictation.Runtime.csproj", "{FB97C4C4-2D8D-67CB-8059-D45DB340C365}"
EndProject
Project("{FAE04EC0-301F-11D3-BF4B-00C04F79EFBC}") = "Meta.WitAi.TTS", "Meta.WitAi.TTS.csproj", "{808842C2-E396-24FA-E576-D0E407C2771D}"
EndProject
Project("{FAE04EC0-301F-11D3-BF4B-00C04F79EFBC}") = "Oculus.AudioManager", "Oculus.AudioManager.csproj", "{D28980A9-28AE-2C4E-97F7-7573418A4526}"
EndProject
Project("{FAE04EC0-301F-11D3-BF4B-00C04F79EFBC}") = "Meta.Voice.Hub.Runtime", "Meta.Voice.Hub.Runtime.csproj", "{57A313B3-E2DB-568E-ADCE-0CC853C44436}"
EndProject
Project("{FAE04EC0-301F-11D3-BF4B-00C04F79EFBC}") = "VoiceSDK.Runtime", "VoiceSDK.Runtime.csproj", "{5040EB82-499F-77CB-417A-6D820E68DBB0}"
EndProject
Project("{FAE04EC0-301F-11D3-BF4B-00C04F79EFBC}") = "Facebook.Wit.Dictation", "Facebook.Wit.Dictation.csproj", "{807891BE-5BFF-58C2-E534-DAE8FBCBED71}"
EndProject
Project("{FAE04EC0-301F-11D3-BF4B-00C04F79EFBC}") = "Meta.Voice.Samples.Dictation", "Meta.Voice.Samples.Dictation.csproj", "{561220E6-96F8-2F7F-4F10-F0A9528E6C69}"
EndProject
Project("{FAE04EC0-301F-11D3-BF4B-00C04F79EFBC}") = "Oculus.Interaction.OVR", "Oculus.Interaction.OVR.csproj", "{0F5E0BA4-F803-D8E7-7776-036BFD6BA13F}"
EndProject
Project("{FAE04EC0-301F-11D3-BF4B-00C04F79EFBC}") = "AssistantCoreSDKRuntime", "AssistantCoreSDKRuntime.csproj", "{8A61BB26-5F92-6AFC-4BD8-BFFC9EA758CA}"
EndProject
Project("{FAE04EC0-301F-11D3-BF4B-00C04F79EFBC}") = "Meta.WitAi.Conduit", "Meta.WitAi.Conduit.csproj", "{AFB3097D-DBE1-B724-0D89-01B482C3C087}"
EndProject
Project("{FAE04EC0-301F-11D3-BF4B-00C04F79EFBC}") = "Oculus.LipSync", "Oculus.LipSync.csproj", "{AA6BFAAE-A30A-91E8-C648-536908485F60}"
EndProject
Project("{FAE04EC0-301F-11D3-BF4B-00C04F79EFBC}") = "Bhaptics.SDK2", "Bhaptics.SDK2.csproj", "{85687E62-B6AA-D5E4-AB53-B24CC9FF70B2}"
EndProject
Project("{FAE04EC0-301F-11D3-BF4B-00C04F79EFBC}") = "Meta.Voice.Samples.Shapes", "Meta.Voice.Samples.Shapes.csproj", "{14059D41-2E0C-892B-E7D3-3EB9CEA630C4}"
EndProject
Project("{FAE04EC0-301F-11D3-BF4B-00C04F79EFBC}") = "Meta.Voice.Samples.TTSVoices", "Meta.Voice.Samples.TTSVoices.csproj", "{AAE17A68-1B9E-86DD-1425-7F10541F3413}"
EndProject
Project("{FAE04EC0-301F-11D3-BF4B-00C04F79EFBC}") = "Meta.VoiceSDK.Mic.Other", "Meta.VoiceSDK.Mic.Other.csproj", "{A06734D4-B6A7-5FEF-6F76-94CD85E06572}"
EndProject
Project("{FAE04EC0-301F-11D3-BF4B-00C04F79EFBC}") = "Meta.VoiceSDK.Mic.Common", "Meta.VoiceSDK.Mic.Common.csproj", "{6A0D9EBE-C242-601C-8650-5583344574F0}"
EndProject
Project("{FAE04EC0-301F-11D3-BF4B-00C04F79EFBC}") = "Meta.Voice.Samples.Chess", "Meta.Voice.Samples.Chess.csproj", "{C236BD35-2739-F108-0BD8-53D2EFD82118}"
EndProject
Project("{FAE04EC0-301F-11D3-BF4B-00C04F79EFBC}") = "Meta.Voice.Samples.ShapesConduit", "Meta.Voice.Samples.ShapesConduit.csproj", "{54413D9B-95A9-0E49-9A78-ECC7CABF203D}"
EndProject
Project("{FAE04EC0-301F-11D3-BF4B-00C04F79EFBC}") = "Meta.VoiceSDK.Mic.WebGL", "Meta.VoiceSDK.Mic.WebGL.csproj", "{3F077394-E8D7-791C-D06C-75AF95503EAD}"
EndProject
Project("{FAE04EC0-301F-11D3-BF4B-00C04F79EFBC}") = "Meta.Voice.Samples.BuiltInTimer", "Meta.Voice.Samples.BuiltInTimer.csproj", "{56D8B136-7654-BA14-64A3-CF6D90AA7463}"
EndProject
Project("{FAE04EC0-301F-11D3-BF4B-00C04F79EFBC}") = "Meta.Voice.Samples.LightTraits", "Meta.Voice.Samples.LightTraits.csproj", "{CD5733C7-63E1-0220-1B5F-481EAE98A372}"
EndProject
Project("{FAE04EC0-301F-11D3-BF4B-00C04F79EFBC}") = "Meta.WitAi.Editor", "Meta.WitAi.Editor.csproj", "{E2FBA79E-CC14-6988-E5E2-2ACBDDC0D886}"
EndProject
Project("{FAE04EC0-301F-11D3-BF4B-00C04F79EFBC}") = "Oculus.Interaction.Editor", "Oculus.Interaction.Editor.csproj", "{600A2F3F-DDA3-A633-8582-4221823D9FB0}"
EndProject
Project("{FAE04EC0-301F-11D3-BF4B-00C04F79EFBC}") = "Meta.Voice.Hub.Editor", "Meta.Voice.Hub.Editor.csproj", "{5161573D-5822-2131-3E3C-138A8BBA570B}"
EndProject
Project("{FAE04EC0-301F-11D3-BF4B-00C04F79EFBC}") = "Meta.WitAI.Lib.Editor", "Meta.WitAI.Lib.Editor.csproj", "{3407363D-8E9C-6C8A-3482-74C341FDA6C4}"
EndProject
Project("{FAE04EC0-301F-11D3-BF4B-00C04F79EFBC}") = "Oculus.VR.Editor", "Oculus.VR.Editor.csproj", "{343DBC3D-75D2-806E-1A41-09A36B8A21F1}"
EndProject
Project("{FAE04EC0-301F-11D3-BF4B-00C04F79EFBC}") = "Meta.WitAi.Conduit.Editor", "Meta.WitAi.Conduit.Editor.csproj", "{E0194413-EFAD-C572-5B10-0E264362345E}"
EndProject
Project("{FAE04EC0-301F-11D3-BF4B-00C04F79EFBC}") = "VoiceSDK.Telemetry", "VoiceSDK.Telemetry.csproj", "{ABD00F4A-3DB6-3926-FD44-933B2F894220}"
EndProject
Project("{FAE04EC0-301F-11D3-BF4B-00C04F79EFBC}") = "Oculus.Interaction.OVR.Editor", "Oculus.Interaction.OVR.Editor.csproj", "{EDD973AF-5C6D-E042-7BA6-737F471F6F29}"
EndProject
Project("{FAE04EC0-301F-11D3-BF4B-00C04F79EFBC}") = "Assembly-CSharp-Editor", "Assembly-CSharp-Editor.csproj", "{726EA999-D2B3-A464-E0A5-AFABDD4509F8}"
EndProject
Project("{FAE04EC0-301F-11D3-BF4B-00C04F79EFBC}") = "Oculus.Interaction.Samples.Editor", "Oculus.Interaction.Samples.Editor.csproj", "{914F5946-44C3-B017-892E-81628DBA94CA}"
EndProject
Project("{FAE04EC0-301F-11D3-BF4B-00C04F79EFBC}") = "Oculus.VR.Scripts.Editor", "Oculus.VR.Scripts.Editor.csproj", "{5C2FBE7E-8DD0-2965-323A-10E42BB4BE45}"
EndProject
Project("{FAE04EC0-301F-11D3-BF4B-00C04F79EFBC}") = "VoiceSDK.Editor", "VoiceSDK.Editor.csproj", "{03E96A49-E11E-5D61-C836-019DA249F59E}"
EndProject
Project("{FAE04EC0-301F-11D3-BF4B-00C04F79EFBC}") = "Oculus.Spatializer.Editor", "Oculus.Spatializer.Editor.csproj", "{E866123C-6646-9421-DF49-2126751409C3}"
EndProject
Project("{FAE04EC0-301F-11D3-BF4B-00C04F79EFBC}") = "Meta.WitAi.TTS.Editor", "Meta.WitAi.TTS.Editor.csproj", "{AABA1CBD-09B6-B4EF-9512-8FA08CA3B807}"
EndProject
Project("{FAE04EC0-301F-11D3-BF4B-00C04F79EFBC}") = "Facebook.Wit.Dictation.Editor", "Facebook.Wit.Dictation.Editor.csproj", "{C89E4680-7094-3ED3-4C4F-2B3E35FB9DF1}"
EndProject
Project("{FAE04EC0-301F-11D3-BF4B-00C04F79EFBC}") = "VoiceSDK.Dictation.Editor", "VoiceSDK.Dictation.Editor.csproj", "{54E587D6-83CB-B445-AFBA-FD1A34BB3D19}"
EndProject
Project("{FAE04EC0-301F-11D3-BF4B-00C04F79EFBC}") = "Oculus.Platform.Editor", "Oculus.Platform.Editor.csproj", "{82CE017B-549C-B658-5E7A-CB95EB3579C1}"
EndProject
Project("{FAE04EC0-301F-11D3-BF4B-00C04F79EFBC}") = "Oculus.AudioManager.Audio.Editor", "Oculus.AudioManager.Audio.Editor.csproj", "{C8C9F15E-BFB5-A130-78F0-09584F0E9C62}"
EndProject
Project("{FAE04EC0-301F-11D3-BF4B-00C04F79EFBC}") = "Oculus.Interaction.InterfaceSupport", "Oculus.Interaction.InterfaceSupport.csproj", "{D7C004F3-3C93-AD04-9EAE-FF2113EF38AC}"
EndProject
Project("{FAE04EC0-301F-11D3-BF4B-00C04F79EFBC}") = "Bhaptics.SDK2.Editor", "Bhaptics.SDK2.Editor.csproj", "{27B3FB00-1D05-623E-CA84-F1C55E0D3953}"
EndProject
Project("{FAE04EC0-301F-11D3-BF4B-00C04F79EFBC}") = "Oculus.LipSync.Editor", "Oculus.LipSync.Editor.csproj", "{ABBA6159-1561-E468-0C00-19B263C7BA8B}"
EndProject
Project("{FAE04EC0-301F-11D3-BF4B-00C04F79EFBC}") = "Meta.Voice.VSDKHub.Editor", "Meta.Voice.VSDKHub.Editor.csproj", "{B27A6E09-634A-35CC-1D49-1F354F1E0D58}"
EndProject
Project("{FAE04EC0-301F-11D3-BF4B-00C04F79EFBC}") = "AssistantCoreSDKEditor", "AssistantCoreSDKEditor.csproj", "{F3910547-97FB-291F-4554-DFBBFBB9D085}"
EndProject
Project("{FAE04EC0-301F-11D3-BF4B-00C04F79EFBC}") = "Oculus.AudioManager.Utils.Editor", "Oculus.AudioManager.Utils.Editor.csproj", "{FD097BED-7908-AF2E-DCCE-76B7740C7C6D}"
EndProject
Global
	GlobalSection(SolutionConfigurationPlatforms) = preSolution
		Debug|Any CPU = Debug|Any CPU
		Release|Any CPU = Release|Any CPU
	EndGlobalSection
	GlobalSection(ProjectConfigurationPlatforms) = postSolution
		{A379CF33-980F-4AD6-958B-7A70C1742D47}.Debug|Any CPU.ActiveCfg = Debug|Any CPU
		{A379CF33-980F-4AD6-958B-7A70C1742D47}.Debug|Any CPU.Build.0 = Debug|Any CPU
		{A379CF33-980F-4AD6-958B-7A70C1742D47}.Release|Any CPU.ActiveCfg = Release|Any CPU
		{A379CF33-980F-4AD6-958B-7A70C1742D47}.Release|Any CPU.Build.0 = Release|Any CPU
		{6E9C6C41-FD66-83A7-7FAD-96C56ED37C0D}.Debug|Any CPU.ActiveCfg = Debug|Any CPU
		{6E9C6C41-FD66-83A7-7FAD-96C56ED37C0D}.Debug|Any CPU.Build.0 = Debug|Any CPU
		{6E9C6C41-FD66-83A7-7FAD-96C56ED37C0D}.Release|Any CPU.ActiveCfg = Release|Any CPU
		{6E9C6C41-FD66-83A7-7FAD-96C56ED37C0D}.Release|Any CPU.Build.0 = Release|Any CPU
		{9EF3C5DB-C4A6-1445-5A52-BE76BA6F7D34}.Debug|Any CPU.ActiveCfg = Debug|Any CPU
		{9EF3C5DB-C4A6-1445-5A52-BE76BA6F7D34}.Debug|Any CPU.Build.0 = Debug|Any CPU
		{9EF3C5DB-C4A6-1445-5A52-BE76BA6F7D34}.Release|Any CPU.ActiveCfg = Release|Any CPU
		{9EF3C5DB-C4A6-1445-5A52-BE76BA6F7D34}.Release|Any CPU.Build.0 = Release|Any CPU
		{65BB721D-8D84-4001-46E9-A63E2A6C364C}.Debug|Any CPU.ActiveCfg = Debug|Any CPU
		{65BB721D-8D84-4001-46E9-A63E2A6C364C}.Debug|Any CPU.Build.0 = Debug|Any CPU
		{65BB721D-8D84-4001-46E9-A63E2A6C364C}.Release|Any CPU.ActiveCfg = Release|Any CPU
		{65BB721D-8D84-4001-46E9-A63E2A6C364C}.Release|Any CPU.Build.0 = Release|Any CPU
		{BD36BEBC-3452-14A5-F290-FEE955BEFF37}.Debug|Any CPU.ActiveCfg = Debug|Any CPU
		{BD36BEBC-3452-14A5-F290-FEE955BEFF37}.Debug|Any CPU.Build.0 = Debug|Any CPU
		{BD36BEBC-3452-14A5-F290-FEE955BEFF37}.Release|Any CPU.ActiveCfg = Release|Any CPU
		{BD36BEBC-3452-14A5-F290-FEE955BEFF37}.Release|Any CPU.Build.0 = Release|Any CPU
		{A21721EA-42FB-71BF-9130-02B100367E6C}.Debug|Any CPU.ActiveCfg = Debug|Any CPU
		{A21721EA-42FB-71BF-9130-02B100367E6C}.Debug|Any CPU.Build.0 = Debug|Any CPU
		{A21721EA-42FB-71BF-9130-02B100367E6C}.Release|Any CPU.ActiveCfg = Release|Any CPU
		{A21721EA-42FB-71BF-9130-02B100367E6C}.Release|Any CPU.Build.0 = Release|Any CPU
		{A89D079E-96A0-9872-322D-B9F814AC0380}.Debug|Any CPU.ActiveCfg = Debug|Any CPU
		{A89D079E-96A0-9872-322D-B9F814AC0380}.Debug|Any CPU.Build.0 = Debug|Any CPU
		{A89D079E-96A0-9872-322D-B9F814AC0380}.Release|Any CPU.ActiveCfg = Release|Any CPU
		{A89D079E-96A0-9872-322D-B9F814AC0380}.Release|Any CPU.Build.0 = Release|Any CPU
		{0BCB2B57-6087-CEE7-6F8F-32ACA8DDCBC6}.Debug|Any CPU.ActiveCfg = Debug|Any CPU
		{0BCB2B57-6087-CEE7-6F8F-32ACA8DDCBC6}.Debug|Any CPU.Build.0 = Debug|Any CPU
		{0BCB2B57-6087-CEE7-6F8F-32ACA8DDCBC6}.Release|Any CPU.ActiveCfg = Release|Any CPU
		{0BCB2B57-6087-CEE7-6F8F-32ACA8DDCBC6}.Release|Any CPU.Build.0 = Release|Any CPU
		{B56CBB42-82B4-4072-D3BE-602A868ECEA2}.Debug|Any CPU.ActiveCfg = Debug|Any CPU
		{B56CBB42-82B4-4072-D3BE-602A868ECEA2}.Debug|Any CPU.Build.0 = Debug|Any CPU
		{B56CBB42-82B4-4072-D3BE-602A868ECEA2}.Release|Any CPU.ActiveCfg = Release|Any CPU
		{B56CBB42-82B4-4072-D3BE-602A868ECEA2}.Release|Any CPU.Build.0 = Release|Any CPU
		{FB97C4C4-2D8D-67CB-8059-D45DB340C365}.Debug|Any CPU.ActiveCfg = Debug|Any CPU
		{FB97C4C4-2D8D-67CB-8059-D45DB340C365}.Debug|Any CPU.Build.0 = Debug|Any CPU
		{FB97C4C4-2D8D-67CB-8059-D45DB340C365}.Release|Any CPU.ActiveCfg = Release|Any CPU
		{FB97C4C4-2D8D-67CB-8059-D45DB340C365}.Release|Any CPU.Build.0 = Release|Any CPU
		{808842C2-E396-24FA-E576-D0E407C2771D}.Debug|Any CPU.ActiveCfg = Debug|Any CPU
		{808842C2-E396-24FA-E576-D0E407C2771D}.Debug|Any CPU.Build.0 = Debug|Any CPU
		{808842C2-E396-24FA-E576-D0E407C2771D}.Release|Any CPU.ActiveCfg = Release|Any CPU
		{808842C2-E396-24FA-E576-D0E407C2771D}.Release|Any CPU.Build.0 = Release|Any CPU
		{D28980A9-28AE-2C4E-97F7-7573418A4526}.Debug|Any CPU.ActiveCfg = Debug|Any CPU
		{D28980A9-28AE-2C4E-97F7-7573418A4526}.Debug|Any CPU.Build.0 = Debug|Any CPU
		{D28980A9-28AE-2C4E-97F7-7573418A4526}.Release|Any CPU.ActiveCfg = Release|Any CPU
		{D28980A9-28AE-2C4E-97F7-7573418A4526}.Release|Any CPU.Build.0 = Release|Any CPU
		{57A313B3-E2DB-568E-ADCE-0CC853C44436}.Debug|Any CPU.ActiveCfg = Debug|Any CPU
		{57A313B3-E2DB-568E-ADCE-0CC853C44436}.Debug|Any CPU.Build.0 = Debug|Any CPU
		{57A313B3-E2DB-568E-ADCE-0CC853C44436}.Release|Any CPU.ActiveCfg = Release|Any CPU
		{57A313B3-E2DB-568E-ADCE-0CC853C44436}.Release|Any CPU.Build.0 = Release|Any CPU
		{5040EB82-499F-77CB-417A-6D820E68DBB0}.Debug|Any CPU.ActiveCfg = Debug|Any CPU
		{5040EB82-499F-77CB-417A-6D820E68DBB0}.Debug|Any CPU.Build.0 = Debug|Any CPU
		{5040EB82-499F-77CB-417A-6D820E68DBB0}.Release|Any CPU.ActiveCfg = Release|Any CPU
		{5040EB82-499F-77CB-417A-6D820E68DBB0}.Release|Any CPU.Build.0 = Release|Any CPU
		{807891BE-5BFF-58C2-E534-DAE8FBCBED71}.Debug|Any CPU.ActiveCfg = Debug|Any CPU
		{807891BE-5BFF-58C2-E534-DAE8FBCBED71}.Debug|Any CPU.Build.0 = Debug|Any CPU
		{807891BE-5BFF-58C2-E534-DAE8FBCBED71}.Release|Any CPU.ActiveCfg = Release|Any CPU
		{807891BE-5BFF-58C2-E534-DAE8FBCBED71}.Release|Any CPU.Build.0 = Release|Any CPU
		{561220E6-96F8-2F7F-4F10-F0A9528E6C69}.Debug|Any CPU.ActiveCfg = Debug|Any CPU
		{561220E6-96F8-2F7F-4F10-F0A9528E6C69}.Debug|Any CPU.Build.0 = Debug|Any CPU
		{561220E6-96F8-2F7F-4F10-F0A9528E6C69}.Release|Any CPU.ActiveCfg = Release|Any CPU
		{561220E6-96F8-2F7F-4F10-F0A9528E6C69}.Release|Any CPU.Build.0 = Release|Any CPU
		{0F5E0BA4-F803-D8E7-7776-036BFD6BA13F}.Debug|Any CPU.ActiveCfg = Debug|Any CPU
		{0F5E0BA4-F803-D8E7-7776-036BFD6BA13F}.Debug|Any CPU.Build.0 = Debug|Any CPU
		{0F5E0BA4-F803-D8E7-7776-036BFD6BA13F}.Release|Any CPU.ActiveCfg = Release|Any CPU
		{0F5E0BA4-F803-D8E7-7776-036BFD6BA13F}.Release|Any CPU.Build.0 = Release|Any CPU
		{8A61BB26-5F92-6AFC-4BD8-BFFC9EA758CA}.Debug|Any CPU.ActiveCfg = Debug|Any CPU
		{8A61BB26-5F92-6AFC-4BD8-BFFC9EA758CA}.Debug|Any CPU.Build.0 = Debug|Any CPU
		{8A61BB26-5F92-6AFC-4BD8-BFFC9EA758CA}.Release|Any CPU.ActiveCfg = Release|Any CPU
		{8A61BB26-5F92-6AFC-4BD8-BFFC9EA758CA}.Release|Any CPU.Build.0 = Release|Any CPU
		{AFB3097D-DBE1-B724-0D89-01B482C3C087}.Debug|Any CPU.ActiveCfg = Debug|Any CPU
		{AFB3097D-DBE1-B724-0D89-01B482C3C087}.Debug|Any CPU.Build.0 = Debug|Any CPU
		{AFB3097D-DBE1-B724-0D89-01B482C3C087}.Release|Any CPU.ActiveCfg = Release|Any CPU
		{AFB3097D-DBE1-B724-0D89-01B482C3C087}.Release|Any CPU.Build.0 = Release|Any CPU
		{AA6BFAAE-A30A-91E8-C648-536908485F60}.Debug|Any CPU.ActiveCfg = Debug|Any CPU
		{AA6BFAAE-A30A-91E8-C648-536908485F60}.Debug|Any CPU.Build.0 = Debug|Any CPU
		{AA6BFAAE-A30A-91E8-C648-536908485F60}.Release|Any CPU.ActiveCfg = Release|Any CPU
		{AA6BFAAE-A30A-91E8-C648-536908485F60}.Release|Any CPU.Build.0 = Release|Any CPU
		{85687E62-B6AA-D5E4-AB53-B24CC9FF70B2}.Debug|Any CPU.ActiveCfg = Debug|Any CPU
		{85687E62-B6AA-D5E4-AB53-B24CC9FF70B2}.Debug|Any CPU.Build.0 = Debug|Any CPU
		{85687E62-B6AA-D5E4-AB53-B24CC9FF70B2}.Release|Any CPU.ActiveCfg = Release|Any CPU
		{85687E62-B6AA-D5E4-AB53-B24CC9FF70B2}.Release|Any CPU.Build.0 = Release|Any CPU
		{14059D41-2E0C-892B-E7D3-3EB9CEA630C4}.Debug|Any CPU.ActiveCfg = Debug|Any CPU
		{14059D41-2E0C-892B-E7D3-3EB9CEA630C4}.Debug|Any CPU.Build.0 = Debug|Any CPU
		{14059D41-2E0C-892B-E7D3-3EB9CEA630C4}.Release|Any CPU.ActiveCfg = Release|Any CPU
		{14059D41-2E0C-892B-E7D3-3EB9CEA630C4}.Release|Any CPU.Build.0 = Release|Any CPU
		{AAE17A68-1B9E-86DD-1425-7F10541F3413}.Debug|Any CPU.ActiveCfg = Debug|Any CPU
		{AAE17A68-1B9E-86DD-1425-7F10541F3413}.Debug|Any CPU.Build.0 = Debug|Any CPU
		{AAE17A68-1B9E-86DD-1425-7F10541F3413}.Release|Any CPU.ActiveCfg = Release|Any CPU
		{AAE17A68-1B9E-86DD-1425-7F10541F3413}.Release|Any CPU.Build.0 = Release|Any CPU
		{A06734D4-B6A7-5FEF-6F76-94CD85E06572}.Debug|Any CPU.ActiveCfg = Debug|Any CPU
		{A06734D4-B6A7-5FEF-6F76-94CD85E06572}.Debug|Any CPU.Build.0 = Debug|Any CPU
		{A06734D4-B6A7-5FEF-6F76-94CD85E06572}.Release|Any CPU.ActiveCfg = Release|Any CPU
		{A06734D4-B6A7-5FEF-6F76-94CD85E06572}.Release|Any CPU.Build.0 = Release|Any CPU
		{6A0D9EBE-C242-601C-8650-5583344574F0}.Debug|Any CPU.ActiveCfg = Debug|Any CPU
		{6A0D9EBE-C242-601C-8650-5583344574F0}.Debug|Any CPU.Build.0 = Debug|Any CPU
		{6A0D9EBE-C242-601C-8650-5583344574F0}.Release|Any CPU.ActiveCfg = Release|Any CPU
		{6A0D9EBE-C242-601C-8650-5583344574F0}.Release|Any CPU.Build.0 = Release|Any CPU
		{C236BD35-2739-F108-0BD8-53D2EFD82118}.Debug|Any CPU.ActiveCfg = Debug|Any CPU
		{C236BD35-2739-F108-0BD8-53D2EFD82118}.Debug|Any CPU.Build.0 = Debug|Any CPU
		{C236BD35-2739-F108-0BD8-53D2EFD82118}.Release|Any CPU.ActiveCfg = Release|Any CPU
		{C236BD35-2739-F108-0BD8-53D2EFD82118}.Release|Any CPU.Build.0 = Release|Any CPU
		{54413D9B-95A9-0E49-9A78-ECC7CABF203D}.Debug|Any CPU.ActiveCfg = Debug|Any CPU
		{54413D9B-95A9-0E49-9A78-ECC7CABF203D}.Debug|Any CPU.Build.0 = Debug|Any CPU
		{54413D9B-95A9-0E49-9A78-ECC7CABF203D}.Release|Any CPU.ActiveCfg = Release|Any CPU
		{54413D9B-95A9-0E49-9A78-ECC7CABF203D}.Release|Any CPU.Build.0 = Release|Any CPU
		{3F077394-E8D7-791C-D06C-75AF95503EAD}.Debug|Any CPU.ActiveCfg = Debug|Any CPU
		{3F077394-E8D7-791C-D06C-75AF95503EAD}.Debug|Any CPU.Build.0 = Debug|Any CPU
		{3F077394-E8D7-791C-D06C-75AF95503EAD}.Release|Any CPU.ActiveCfg = Release|Any CPU
		{3F077394-E8D7-791C-D06C-75AF95503EAD}.Release|Any CPU.Build.0 = Release|Any CPU
		{56D8B136-7654-BA14-64A3-CF6D90AA7463}.Debug|Any CPU.ActiveCfg = Debug|Any CPU
		{56D8B136-7654-BA14-64A3-CF6D90AA7463}.Debug|Any CPU.Build.0 = Debug|Any CPU
		{56D8B136-7654-BA14-64A3-CF6D90AA7463}.Release|Any CPU.ActiveCfg = Release|Any CPU
		{56D8B136-7654-BA14-64A3-CF6D90AA7463}.Release|Any CPU.Build.0 = Release|Any CPU
		{CD5733C7-63E1-0220-1B5F-481EAE98A372}.Debug|Any CPU.ActiveCfg = Debug|Any CPU
		{CD5733C7-63E1-0220-1B5F-481EAE98A372}.Debug|Any CPU.Build.0 = Debug|Any CPU
		{CD5733C7-63E1-0220-1B5F-481EAE98A372}.Release|Any CPU.ActiveCfg = Release|Any CPU
		{CD5733C7-63E1-0220-1B5F-481EAE98A372}.Release|Any CPU.Build.0 = Release|Any CPU
		{E2FBA79E-CC14-6988-E5E2-2ACBDDC0D886}.Debug|Any CPU.ActiveCfg = Debug|Any CPU
		{E2FBA79E-CC14-6988-E5E2-2ACBDDC0D886}.Debug|Any CPU.Build.0 = Debug|Any CPU
		{E2FBA79E-CC14-6988-E5E2-2ACBDDC0D886}.Release|Any CPU.ActiveCfg = Release|Any CPU
		{E2FBA79E-CC14-6988-E5E2-2ACBDDC0D886}.Release|Any CPU.Build.0 = Release|Any CPU
		{600A2F3F-DDA3-A633-8582-4221823D9FB0}.Debug|Any CPU.ActiveCfg = Debug|Any CPU
		{600A2F3F-DDA3-A633-8582-4221823D9FB0}.Debug|Any CPU.Build.0 = Debug|Any CPU
		{600A2F3F-DDA3-A633-8582-4221823D9FB0}.Release|Any CPU.ActiveCfg = Release|Any CPU
		{600A2F3F-DDA3-A633-8582-4221823D9FB0}.Release|Any CPU.Build.0 = Release|Any CPU
		{5161573D-5822-2131-3E3C-138A8BBA570B}.Debug|Any CPU.ActiveCfg = Debug|Any CPU
		{5161573D-5822-2131-3E3C-138A8BBA570B}.Debug|Any CPU.Build.0 = Debug|Any CPU
		{5161573D-5822-2131-3E3C-138A8BBA570B}.Release|Any CPU.ActiveCfg = Release|Any CPU
		{5161573D-5822-2131-3E3C-138A8BBA570B}.Release|Any CPU.Build.0 = Release|Any CPU
		{3407363D-8E9C-6C8A-3482-74C341FDA6C4}.Debug|Any CPU.ActiveCfg = Debug|Any CPU
		{3407363D-8E9C-6C8A-3482-74C341FDA6C4}.Debug|Any CPU.Build.0 = Debug|Any CPU
		{3407363D-8E9C-6C8A-3482-74C341FDA6C4}.Release|Any CPU.ActiveCfg = Release|Any CPU
		{3407363D-8E9C-6C8A-3482-74C341FDA6C4}.Release|Any CPU.Build.0 = Release|Any CPU
		{343DBC3D-75D2-806E-1A41-09A36B8A21F1}.Debug|Any CPU.ActiveCfg = Debug|Any CPU
		{343DBC3D-75D2-806E-1A41-09A36B8A21F1}.Debug|Any CPU.Build.0 = Debug|Any CPU
		{343DBC3D-75D2-806E-1A41-09A36B8A21F1}.Release|Any CPU.ActiveCfg = Release|Any CPU
		{343DBC3D-75D2-806E-1A41-09A36B8A21F1}.Release|Any CPU.Build.0 = Release|Any CPU
		{E0194413-EFAD-C572-5B10-0E264362345E}.Debug|Any CPU.ActiveCfg = Debug|Any CPU
		{E0194413-EFAD-C572-5B10-0E264362345E}.Debug|Any CPU.Build.0 = Debug|Any CPU
		{E0194413-EFAD-C572-5B10-0E264362345E}.Release|Any CPU.ActiveCfg = Release|Any CPU
		{E0194413-EFAD-C572-5B10-0E264362345E}.Release|Any CPU.Build.0 = Release|Any CPU
		{ABD00F4A-3DB6-3926-FD44-933B2F894220}.Debug|Any CPU.ActiveCfg = Debug|Any CPU
		{ABD00F4A-3DB6-3926-FD44-933B2F894220}.Debug|Any CPU.Build.0 = Debug|Any CPU
		{ABD00F4A-3DB6-3926-FD44-933B2F894220}.Release|Any CPU.ActiveCfg = Release|Any CPU
		{ABD00F4A-3DB6-3926-FD44-933B2F894220}.Release|Any CPU.Build.0 = Release|Any CPU
		{EDD973AF-5C6D-E042-7BA6-737F471F6F29}.Debug|Any CPU.ActiveCfg = Debug|Any CPU
		{EDD973AF-5C6D-E042-7BA6-737F471F6F29}.Debug|Any CPU.Build.0 = Debug|Any CPU
		{EDD973AF-5C6D-E042-7BA6-737F471F6F29}.Release|Any CPU.ActiveCfg = Release|Any CPU
		{EDD973AF-5C6D-E042-7BA6-737F471F6F29}.Release|Any CPU.Build.0 = Release|Any CPU
		{726EA999-D2B3-A464-E0A5-AFABDD4509F8}.Debug|Any CPU.ActiveCfg = Debug|Any CPU
		{726EA999-D2B3-A464-E0A5-AFABDD4509F8}.Debug|Any CPU.Build.0 = Debug|Any CPU
		{726EA999-D2B3-A464-E0A5-AFABDD4509F8}.Release|Any CPU.ActiveCfg = Release|Any CPU
		{726EA999-D2B3-A464-E0A5-AFABDD4509F8}.Release|Any CPU.Build.0 = Release|Any CPU
		{914F5946-44C3-B017-892E-81628DBA94CA}.Debug|Any CPU.ActiveCfg = Debug|Any CPU
		{914F5946-44C3-B017-892E-81628DBA94CA}.Debug|Any CPU.Build.0 = Debug|Any CPU
		{914F5946-44C3-B017-892E-81628DBA94CA}.Release|Any CPU.ActiveCfg = Release|Any CPU
		{914F5946-44C3-B017-892E-81628DBA94CA}.Release|Any CPU.Build.0 = Release|Any CPU
		{5C2FBE7E-8DD0-2965-323A-10E42BB4BE45}.Debug|Any CPU.ActiveCfg = Debug|Any CPU
		{5C2FBE7E-8DD0-2965-323A-10E42BB4BE45}.Debug|Any CPU.Build.0 = Debug|Any CPU
		{5C2FBE7E-8DD0-2965-323A-10E42BB4BE45}.Release|Any CPU.ActiveCfg = Release|Any CPU
		{5C2FBE7E-8DD0-2965-323A-10E42BB4BE45}.Release|Any CPU.Build.0 = Release|Any CPU
		{03E96A49-E11E-5D61-C836-019DA249F59E}.Debug|Any CPU.ActiveCfg = Debug|Any CPU
		{03E96A49-E11E-5D61-C836-019DA249F59E}.Debug|Any CPU.Build.0 = Debug|Any CPU
		{03E96A49-E11E-5D61-C836-019DA249F59E}.Release|Any CPU.ActiveCfg = Release|Any CPU
		{03E96A49-E11E-5D61-C836-019DA249F59E}.Release|Any CPU.Build.0 = Release|Any CPU
		{E866123C-6646-9421-DF49-2126751409C3}.Debug|Any CPU.ActiveCfg = Debug|Any CPU
		{E866123C-6646-9421-DF49-2126751409C3}.Debug|Any CPU.Build.0 = Debug|Any CPU
		{E866123C-6646-9421-DF49-2126751409C3}.Release|Any CPU.ActiveCfg = Release|Any CPU
		{E866123C-6646-9421-DF49-2126751409C3}.Release|Any CPU.Build.0 = Release|Any CPU
		{AABA1CBD-09B6-B4EF-9512-8FA08CA3B807}.Debug|Any CPU.ActiveCfg = Debug|Any CPU
		{AABA1CBD-09B6-B4EF-9512-8FA08CA3B807}.Debug|Any CPU.Build.0 = Debug|Any CPU
		{AABA1CBD-09B6-B4EF-9512-8FA08CA3B807}.Release|Any CPU.ActiveCfg = Release|Any CPU
		{AABA1CBD-09B6-B4EF-9512-8FA08CA3B807}.Release|Any CPU.Build.0 = Release|Any CPU
		{C89E4680-7094-3ED3-4C4F-2B3E35FB9DF1}.Debug|Any CPU.ActiveCfg = Debug|Any CPU
		{C89E4680-7094-3ED3-4C4F-2B3E35FB9DF1}.Debug|Any CPU.Build.0 = Debug|Any CPU
		{C89E4680-7094-3ED3-4C4F-2B3E35FB9DF1}.Release|Any CPU.ActiveCfg = Release|Any CPU
		{C89E4680-7094-3ED3-4C4F-2B3E35FB9DF1}.Release|Any CPU.Build.0 = Release|Any CPU
		{54E587D6-83CB-B445-AFBA-FD1A34BB3D19}.Debug|Any CPU.ActiveCfg = Debug|Any CPU
		{54E587D6-83CB-B445-AFBA-FD1A34BB3D19}.Debug|Any CPU.Build.0 = Debug|Any CPU
		{54E587D6-83CB-B445-AFBA-FD1A34BB3D19}.Release|Any CPU.ActiveCfg = Release|Any CPU
		{54E587D6-83CB-B445-AFBA-FD1A34BB3D19}.Release|Any CPU.Build.0 = Release|Any CPU
		{82CE017B-549C-B658-5E7A-CB95EB3579C1}.Debug|Any CPU.ActiveCfg = Debug|Any CPU
		{82CE017B-549C-B658-5E7A-CB95EB3579C1}.Debug|Any CPU.Build.0 = Debug|Any CPU
		{82CE017B-549C-B658-5E7A-CB95EB3579C1}.Release|Any CPU.ActiveCfg = Release|Any CPU
		{82CE017B-549C-B658-5E7A-CB95EB3579C1}.Release|Any CPU.Build.0 = Release|Any CPU
		{C8C9F15E-BFB5-A130-78F0-09584F0E9C62}.Debug|Any CPU.ActiveCfg = Debug|Any CPU
		{C8C9F15E-BFB5-A130-78F0-09584F0E9C62}.Debug|Any CPU.Build.0 = Debug|Any CPU
		{C8C9F15E-BFB5-A130-78F0-09584F0E9C62}.Release|Any CPU.ActiveCfg = Release|Any CPU
		{C8C9F15E-BFB5-A130-78F0-09584F0E9C62}.Release|Any CPU.Build.0 = Release|Any CPU
		{D7C004F3-3C93-AD04-9EAE-FF2113EF38AC}.Debug|Any CPU.ActiveCfg = Debug|Any CPU
		{D7C004F3-3C93-AD04-9EAE-FF2113EF38AC}.Debug|Any CPU.Build.0 = Debug|Any CPU
		{D7C004F3-3C93-AD04-9EAE-FF2113EF38AC}.Release|Any CPU.ActiveCfg = Release|Any CPU
		{D7C004F3-3C93-AD04-9EAE-FF2113EF38AC}.Release|Any CPU.Build.0 = Release|Any CPU
		{27B3FB00-1D05-623E-CA84-F1C55E0D3953}.Debug|Any CPU.ActiveCfg = Debug|Any CPU
		{27B3FB00-1D05-623E-CA84-F1C55E0D3953}.Debug|Any CPU.Build.0 = Debug|Any CPU
		{27B3FB00-1D05-623E-CA84-F1C55E0D3953}.Release|Any CPU.ActiveCfg = Release|Any CPU
		{27B3FB00-1D05-623E-CA84-F1C55E0D3953}.Release|Any CPU.Build.0 = Release|Any CPU
		{ABBA6159-1561-E468-0C00-19B263C7BA8B}.Debug|Any CPU.ActiveCfg = Debug|Any CPU
		{ABBA6159-1561-E468-0C00-19B263C7BA8B}.Debug|Any CPU.Build.0 = Debug|Any CPU
		{ABBA6159-1561-E468-0C00-19B263C7BA8B}.Release|Any CPU.ActiveCfg = Release|Any CPU
		{ABBA6159-1561-E468-0C00-19B263C7BA8B}.Release|Any CPU.Build.0 = Release|Any CPU
		{B27A6E09-634A-35CC-1D49-1F354F1E0D58}.Debug|Any CPU.ActiveCfg = Debug|Any CPU
		{B27A6E09-634A-35CC-1D49-1F354F1E0D58}.Debug|Any CPU.Build.0 = Debug|Any CPU
		{B27A6E09-634A-35CC-1D49-1F354F1E0D58}.Release|Any CPU.ActiveCfg = Release|Any CPU
		{B27A6E09-634A-35CC-1D49-1F354F1E0D58}.Release|Any CPU.Build.0 = Release|Any CPU
		{F3910547-97FB-291F-4554-DFBBFBB9D085}.Debug|Any CPU.ActiveCfg = Debug|Any CPU
		{F3910547-97FB-291F-4554-DFBBFBB9D085}.Debug|Any CPU.Build.0 = Debug|Any CPU
		{F3910547-97FB-291F-4554-DFBBFBB9D085}.Release|Any CPU.ActiveCfg = Release|Any CPU
		{F3910547-97FB-291F-4554-DFBBFBB9D085}.Release|Any CPU.Build.0 = Release|Any CPU
		{FD097BED-7908-AF2E-DCCE-76B7740C7C6D}.Debug|Any CPU.ActiveCfg = Debug|Any CPU
		{FD097BED-7908-AF2E-DCCE-76B7740C7C6D}.Debug|Any CPU.Build.0 = Debug|Any CPU
		{FD097BED-7908-AF2E-DCCE-76B7740C7C6D}.Release|Any CPU.ActiveCfg = Release|Any CPU
		{FD097BED-7908-AF2E-DCCE-76B7740C7C6D}.Release|Any CPU.Build.0 = Release|Any CPU
	EndGlobalSection
	GlobalSection(SolutionProperties) = preSolution
		HideSolutionNode = FALSE
	EndGlobalSection
EndGlobal
